// !$*UTF8*$!
{
	archiveVersion = 1;
	classes = {
	};
	objectVersion = 50;
	objects = {

/* Begin PBXBuildFile section */
		6552EC17226D8D6C008ADA77 /* LPPZListViewController.m in Sources */ = {isa = PBXBuildFile; fileRef = 6552EC15226D8D6C008ADA77 /* LPPZListViewController.m */; };
		659821CE210AB51700DC64C1 /* AppDelegate.m in Sources */ = {isa = PBXBuildFile; fileRef = 659821CD210AB51700DC64C1 /* AppDelegate.m */; };
		659821D1210AB51700DC64C1 /* ViewController.m in Sources */ = {isa = PBXBuildFile; fileRef = 659821D0210AB51700DC64C1 /* ViewController.m */; };
		659821D6210AB51900DC64C1 /* Assets.xcassets in Resources */ = {isa = PBXBuildFile; fileRef = 659821D5210AB51900DC64C1 /* Assets.xcassets */; };
		659821D9210AB51900DC64C1 /* LaunchScreen.storyboard in Resources */ = {isa = PBXBuildFile; fileRef = 659821D7210AB51900DC64C1 /* LaunchScreen.storyboard */; };
		659821DC210AB51900DC64C1 /* main.m in Sources */ = {isa = PBXBuildFile; fileRef = 659821DB210AB51900DC64C1 /* main.m */; };
		659821E6210AB51900DC64C1 /* YYTextView_DemonTests.m in Sources */ = {isa = PBXBuildFile; fileRef = 659821E5210AB51900DC64C1 /* YYTextView_DemonTests.m */; };
		659821F1210AB51900DC64C1 /* YYTextView_DemonUITests.m in Sources */ = {isa = PBXBuildFile; fileRef = 659821F0210AB51900DC64C1 /* YYTextView_DemonUITests.m */; };
		659822C5210ACAAD00DC64C1 /* LPPZLabelImage.m in Sources */ = {isa = PBXBuildFile; fileRef = 659822C3210ACAAD00DC64C1 /* LPPZLabelImage.m */; };
		659822C8210ACB3600DC64C1 /* LPPZSendContentTextParser.m in Sources */ = {isa = PBXBuildFile; fileRef = 659822C6210ACB3600DC64C1 /* LPPZSendContentTextParser.m */; };
		659822CB210ACBD400DC64C1 /* LPPZHelper.m in Sources */ = {isa = PBXBuildFile; fileRef = 659822CA210ACBD400DC64C1 /* LPPZHelper.m */; };
		6CFEDE79E19745F06531BC4C /* libPods-YYTextView@Demon.a in Frameworks */ = {isa = PBXBuildFile; fileRef = B46EFD3A66BCA14706CFB2E5 /* libPods-YYTextView@Demon.a */; };
/* End PBXBuildFile section */

/* Begin PBXContainerItemProxy section */
		659821E2210AB51900DC64C1 /* PBXContainerItemProxy */ = {
			isa = PBXContainerItemProxy;
			containerPortal = 659821C1210AB51700DC64C1 /* Project object */;
			proxyType = 1;
			remoteGlobalIDString = 659821C8210AB51700DC64C1;
			remoteInfo = "YYTextView@Demon";
		};
		659821ED210AB51900DC64C1 /* PBXContainerItemProxy */ = {
			isa = PBXContainerItemProxy;
			containerPortal = 659821C1210AB51700DC64C1 /* Project object */;
			proxyType = 1;
			remoteGlobalIDString = 659821C8210AB51700DC64C1;
			remoteInfo = "YYTextView@Demon";
		};
/* End PBXContainerItemProxy section */

/* Begin PBXFileReference section */
		5C84BEEDD6FDEFB0DCE95546 /* Pods-YYTextView@Demon.debug.xcconfig */ = {isa = PBXFileReference; includeInIndex = 1; lastKnownFileType = text.xcconfig; name = "Pods-YYTextView@Demon.debug.xcconfig"; path = "Pods/Target Support Files/Pods-YYTextView@Demon/Pods-YYTextView@Demon.debug.xcconfig"; sourceTree = "<group>"; };
		6552EC15226D8D6C008ADA77 /* LPPZListViewController.m */ = {isa = PBXFileReference; fileEncoding = 4; lastKnownFileType = sourcecode.c.objc; path = LPPZListViewController.m; sourceTree = "<group>"; };
		6552EC16226D8D6C008ADA77 /* LPPZListViewController.h */ = {isa = PBXFileReference; fileEncoding = 4; lastKnownFileType = sourcecode.c.h; path = LPPZListViewController.h; sourceTree = "<group>"; };
		659821C9210AB51700DC64C1 /* YYTextView@Demon.app */ = {isa = PBXFileReference; explicitFileType = wrapper.application; includeInIndex = 0; path = "YYTextView@Demon.app"; sourceTree = BUILT_PRODUCTS_DIR; };
		659821CC210AB51700DC64C1 /* AppDelegate.h */ = {isa = PBXFileReference; lastKnownFileType = sourcecode.c.h; path = AppDelegate.h; sourceTree = "<group>"; };
		659821CD210AB51700DC64C1 /* AppDelegate.m */ = {isa = PBXFileReference; lastKnownFileType = sourcecode.c.objc; path = AppDelegate.m; sourceTree = "<group>"; };
		659821CF210AB51700DC64C1 /* ViewController.h */ = {isa = PBXFileReference; lastKnownFileType = sourcecode.c.h; path = ViewController.h; sourceTree = "<group>"; };
		659821D0210AB51700DC64C1 /* ViewController.m */ = {isa = PBXFileReference; lastKnownFileType = sourcecode.c.objc; path = ViewController.m; sourceTree = "<group>"; };
		659821D5210AB51900DC64C1 /* Assets.xcassets */ = {isa = PBXFileReference; lastKnownFileType = folder.assetcatalog; path = Assets.xcassets; sourceTree = "<group>"; };
		659821D8210AB51900DC64C1 /* Base */ = {isa = PBXFileReference; lastKnownFileType = file.storyboard; name = Base; path = Base.lproj/LaunchScreen.storyboard; sourceTree = "<group>"; };
		659821DA210AB51900DC64C1 /* Info.plist */ = {isa = PBXFileReference; lastKnownFileType = text.plist.xml; path = Info.plist; sourceTree = "<group>"; };
		659821DB210AB51900DC64C1 /* main.m */ = {isa = PBXFileReference; lastKnownFileType = sourcecode.c.objc; path = main.m; sourceTree = "<group>"; };
		659821E1210AB51900DC64C1 /* YYTextView@DemonTests.xctest */ = {isa = PBXFileReference; explicitFileType = wrapper.cfbundle; includeInIndex = 0; path = "YYTextView@DemonTests.xctest"; sourceTree = BUILT_PRODUCTS_DIR; };
		659821E5210AB51900DC64C1 /* YYTextView_DemonTests.m */ = {isa = PBXFileReference; lastKnownFileType = sourcecode.c.objc; path = YYTextView_DemonTests.m; sourceTree = "<group>"; };
		659821E7210AB51900DC64C1 /* Info.plist */ = {isa = PBXFileReference; lastKnownFileType = text.plist.xml; path = Info.plist; sourceTree = "<group>"; };
		659821EC210AB51900DC64C1 /* YYTextView@DemonUITests.xctest */ = {isa = PBXFileReference; explicitFileType = wrapper.cfbundle; includeInIndex = 0; path = "YYTextView@DemonUITests.xctest"; sourceTree = BUILT_PRODUCTS_DIR; };
		659821F0210AB51900DC64C1 /* YYTextView_DemonUITests.m */ = {isa = PBXFileReference; lastKnownFileType = sourcecode.c.objc; path = YYTextView_DemonUITests.m; sourceTree = "<group>"; };
		659821F2210AB51900DC64C1 /* Info.plist */ = {isa = PBXFileReference; lastKnownFileType = text.plist.xml; path = Info.plist; sourceTree = "<group>"; };
		659822C3210ACAAD00DC64C1 /* LPPZLabelImage.m */ = {isa = PBXFileReference; fileEncoding = 4; lastKnownFileType = sourcecode.c.objc; path = LPPZLabelImage.m; sourceTree = "<group>"; };
		659822C4210ACAAD00DC64C1 /* LPPZLabelImage.h */ = {isa = PBXFileReference; fileEncoding = 4; lastKnownFileType = sourcecode.c.h; path = LPPZLabelImage.h; sourceTree = "<group>"; };
		659822C6210ACB3600DC64C1 /* LPPZSendContentTextParser.m */ = {isa = PBXFileReference; fileEncoding = 4; lastKnownFileType = sourcecode.c.objc; path = LPPZSendContentTextParser.m; sourceTree = "<group>"; };
		659822C7210ACB3600DC64C1 /* LPPZSendContentTextParser.h */ = {isa = PBXFileReference; fileEncoding = 4; lastKnownFileType = sourcecode.c.h; path = LPPZSendContentTextParser.h; sourceTree = "<group>"; };
		659822C9210ACBD400DC64C1 /* LPPZHelper.h */ = {isa = PBXFileReference; fileEncoding = 4; lastKnownFileType = sourcecode.c.h; path = LPPZHelper.h; sourceTree = "<group>"; };
		659822CA210ACBD400DC64C1 /* LPPZHelper.m */ = {isa = PBXFileReference; fileEncoding = 4; lastKnownFileType = sourcecode.c.objc; path = LPPZHelper.m; sourceTree = "<group>"; };
		B46EFD3A66BCA14706CFB2E5 /* libPods-YYTextView@Demon.a */ = {isa = PBXFileReference; explicitFileType = archive.ar; includeInIndex = 0; path = "libPods-YYTextView@Demon.a"; sourceTree = BUILT_PRODUCTS_DIR; };
		D842471FD15F6A0604EA6EB9 /* Pods-YYTextView@Demon.release.xcconfig */ = {isa = PBXFileReference; includeInIndex = 1; lastKnownFileType = text.xcconfig; name = "Pods-YYTextView@Demon.release.xcconfig"; path = "Pods/Target Support Files/Pods-YYTextView@Demon/Pods-YYTextView@Demon.release.xcconfig"; sourceTree = "<group>"; };
/* End PBXFileReference section */

/* Begin PBXFrameworksBuildPhase section */
		659821C6210AB51700DC64C1 /* Frameworks */ = {
			isa = PBXFrameworksBuildPhase;
			buildActionMask = 2147483647;
			files = (
				6CFEDE79E19745F06531BC4C /* libPods-YYTextView@Demon.a in Frameworks */,
			);
			runOnlyForDeploymentPostprocessing = 0;
		};
		659821DE210AB51900DC64C1 /* Frameworks */ = {
			isa = PBXFrameworksBuildPhase;
			buildActionMask = 2147483647;
			files = (
			);
			runOnlyForDeploymentPostprocessing = 0;
		};
		659821E9210AB51900DC64C1 /* Frameworks */ = {
			isa = PBXFrameworksBuildPhase;
			buildActionMask = 2147483647;
			files = (
			);
			runOnlyForDeploymentPostprocessing = 0;
		};
/* End PBXFrameworksBuildPhase section */

/* Begin PBXGroup section */
		243AE07F3AACFF54180461AA /* Frameworks */ = {
			isa = PBXGroup;
			children = (
				B46EFD3A66BCA14706CFB2E5 /* libPods-YYTextView@Demon.a */,
			);
			name = Frameworks;
			sourceTree = "<group>";
		};
		659821C0210AB51700DC64C1 = {
			isa = PBXGroup;
			children = (
				659821CB210AB51700DC64C1 /* YYTextView@Demon */,
				659821E4210AB51900DC64C1 /* YYTextView@DemonTests */,
				659821EF210AB51900DC64C1 /* YYTextView@DemonUITests */,
				659821CA210AB51700DC64C1 /* Products */,
				EBDFEA8903065037154141CF /* Pods */,
				243AE07F3AACFF54180461AA /* Frameworks */,
			);
			sourceTree = "<group>";
		};
		659821CA210AB51700DC64C1 /* Products */ = {
			isa = PBXGroup;
			children = (
				659821C9210AB51700DC64C1 /* YYTextView@Demon.app */,
				659821E1210AB51900DC64C1 /* YYTextView@DemonTests.xctest */,
				659821EC210AB51900DC64C1 /* YYTextView@DemonUITests.xctest */,
			);
			name = Products;
			sourceTree = "<group>";
		};
		659821CB210AB51700DC64C1 /* YYTextView@Demon */ = {
			isa = PBXGroup;
			children = (
				6552EC16226D8D6C008ADA77 /* LPPZListViewController.h */,
				6552EC15226D8D6C008ADA77 /* LPPZListViewController.m */,
				659822C9210ACBD400DC64C1 /* LPPZHelper.h */,
				659822CA210ACBD400DC64C1 /* LPPZHelper.m */,
				659822C7210ACB3600DC64C1 /* LPPZSendContentTextParser.h */,
				659822C6210ACB3600DC64C1 /* LPPZSendContentTextParser.m */,
				659822C4210ACAAD00DC64C1 /* LPPZLabelImage.h */,
				659822C3210ACAAD00DC64C1 /* LPPZLabelImage.m */,
				659821CC210AB51700DC64C1 /* AppDelegate.h */,
				659821CD210AB51700DC64C1 /* AppDelegate.m */,
				659821CF210AB51700DC64C1 /* ViewController.h */,
				659821D0210AB51700DC64C1 /* ViewController.m */,
				659821D5210AB51900DC64C1 /* Assets.xcassets */,
				659821D7210AB51900DC64C1 /* LaunchScreen.storyboard */,
				659821DA210AB51900DC64C1 /* Info.plist */,
				659821DB210AB51900DC64C1 /* main.m */,
			);
			path = "YYTextView@Demon";
			sourceTree = "<group>";
		};
		659821E4210AB51900DC64C1 /* YYTextView@DemonTests */ = {
			isa = PBXGroup;
			children = (
				659821E5210AB51900DC64C1 /* YYTextView_DemonTests.m */,
				659821E7210AB51900DC64C1 /* Info.plist */,
			);
			path = "YYTextView@DemonTests";
			sourceTree = "<group>";
		};
		659821EF210AB51900DC64C1 /* YYTextView@DemonUITests */ = {
			isa = PBXGroup;
			children = (
				659821F0210AB51900DC64C1 /* YYTextView_DemonUITests.m */,
				659821F2210AB51900DC64C1 /* Info.plist */,
			);
			path = "YYTextView@DemonUITests";
			sourceTree = "<group>";
		};
		EBDFEA8903065037154141CF /* Pods */ = {
			isa = PBXGroup;
			children = (
				5C84BEEDD6FDEFB0DCE95546 /* Pods-YYTextView@Demon.debug.xcconfig */,
				D842471FD15F6A0604EA6EB9 /* Pods-YYTextView@Demon.release.xcconfig */,
			);
			name = Pods;
			sourceTree = "<group>";
		};
/* End PBXGroup section */

/* Begin PBXNativeTarget section */
		659821C8210AB51700DC64C1 /* YYTextView@Demon */ = {
			isa = PBXNativeTarget;
			buildConfigurationList = 659821F5210AB51900DC64C1 /* Build configuration list for PBXNativeTarget "YYTextView@Demon" */;
			buildPhases = (
				A6234F41271344A3A2D5AC7A /* [CP] Check Pods Manifest.lock */,
				659821C5210AB51700DC64C1 /* Sources */,
				659821C6210AB51700DC64C1 /* Frameworks */,
				659821C7210AB51700DC64C1 /* Resources */,
			);
			buildRules = (
			);
			dependencies = (
			);
			name = "YYTextView@Demon";
			productName = "YYTextView@Demon";
			productReference = 659821C9210AB51700DC64C1 /* YYTextView@Demon.app */;
			productType = "com.apple.product-type.application";
		};
		659821E0210AB51900DC64C1 /* YYTextView@DemonTests */ = {
			isa = PBXNativeTarget;
			buildConfigurationList = 659821F8210AB51900DC64C1 /* Build configuration list for PBXNativeTarget "YYTextView@DemonTests" */;
			buildPhases = (
				659821DD210AB51900DC64C1 /* Sources */,
				659821DE210AB51900DC64C1 /* Frameworks */,
				659821DF210AB51900DC64C1 /* Resources */,
			);
			buildRules = (
			);
			dependencies = (
				659821E3210AB51900DC64C1 /* PBXTargetDependency */,
			);
			name = "YYTextView@DemonTests";
			productName = "YYTextView@DemonTests";
			productReference = 659821E1210AB51900DC64C1 /* YYTextView@DemonTests.xctest */;
			productType = "com.apple.product-type.bundle.unit-test";
		};
		659821EB210AB51900DC64C1 /* YYTextView@DemonUITests */ = {
			isa = PBXNativeTarget;
			buildConfigurationList = 659821FB210AB51900DC64C1 /* Build configuration list for PBXNativeTarget "YYTextView@DemonUITests" */;
			buildPhases = (
				659821E8210AB51900DC64C1 /* Sources */,
				659821E9210AB51900DC64C1 /* Frameworks */,
				659821EA210AB51900DC64C1 /* Resources */,
			);
			buildRules = (
			);
			dependencies = (
				659821EE210AB51900DC64C1 /* PBXTargetDependency */,
			);
			name = "YYTextView@DemonUITests";
			productName = "YYTextView@DemonUITests";
			productReference = 659821EC210AB51900DC64C1 /* YYTextView@DemonUITests.xctest */;
			productType = "com.apple.product-type.bundle.ui-testing";
		};
/* End PBXNativeTarget section */

/* Begin PBXProject section */
		659821C1210AB51700DC64C1 /* Project object */ = {
			isa = PBXProject;
			attributes = {
				LastUpgradeCheck = 0940;
				ORGANIZATIONNAME = zhangkang;
				TargetAttributes = {
					659821C8210AB51700DC64C1 = {
						CreatedOnToolsVersion = 9.4;
					};
					659821E0210AB51900DC64C1 = {
						CreatedOnToolsVersion = 9.4;
						TestTargetID = 659821C8210AB51700DC64C1;
					};
					659821EB210AB51900DC64C1 = {
						CreatedOnToolsVersion = 9.4;
						TestTargetID = 659821C8210AB51700DC64C1;
					};
				};
			};
			buildConfigurationList = 659821C4210AB51700DC64C1 /* Build configuration list for PBXProject "YYTextView@Demon" */;
			compatibilityVersion = "Xcode 9.3";
			developmentRegion = en;
			hasScannedForEncodings = 0;
			knownRegions = (
				en,
				Base,
			);
			mainGroup = 659821C0210AB51700DC64C1;
			productRefGroup = 659821CA210AB51700DC64C1 /* Products */;
			projectDirPath = "";
			projectRoot = "";
			targets = (
				659821C8210AB51700DC64C1 /* YYTextView@Demon */,
				659821E0210AB51900DC64C1 /* YYTextView@DemonTests */,
				659821EB210AB51900DC64C1 /* YYTextView@DemonUITests */,
			);
		};
/* End PBXProject section */

/* Begin PBXResourcesBuildPhase section */
		659821C7210AB51700DC64C1 /* Resources */ = {
			isa = PBXResourcesBuildPhase;
			buildActionMask = 2147483647;
			files = (
				659821D9210AB51900DC64C1 /* LaunchScreen.storyboard in Resources */,
				659821D6210AB51900DC64C1 /* Assets.xcassets in Resources */,
			);
			runOnlyForDeploymentPostprocessing = 0;
		};
		659821DF210AB51900DC64C1 /* Resources */ = {
			isa = PBXResourcesBuildPhase;
			buildActionMask = 2147483647;
			files = (
			);
			runOnlyForDeploymentPostprocessing = 0;
		};
		659821EA210AB51900DC64C1 /* Resources */ = {
			isa = PBXResourcesBuildPhase;
			buildActionMask = 2147483647;
			files = (
			);
			runOnlyForDeploymentPostprocessing = 0;
		};
/* End PBXResourcesBuildPhase section */

/* Begin PBXShellScriptBuildPhase section */
		A6234F41271344A3A2D5AC7A /* [CP] Check Pods Manifest.lock */ = {
			isa = PBXShellScriptBuildPhase;
			buildActionMask = 2147483647;
			files = (
			);
			inputFileListPaths = (
			);
			inputPaths = (
				"${PODS_PODFILE_DIR_PATH}/Podfile.lock",
				"${PODS_ROOT}/Manifest.lock",
			);
			name = "[CP] Check Pods Manifest.lock";
			outputFileListPaths = (
			);
			outputPaths = (
				"$(DERIVED_FILE_DIR)/Pods-YYTextView@Demon-checkManifestLockResult.txt",
			);
			runOnlyForDeploymentPostprocessing = 0;
			shellPath = /bin/sh;
			shellScript = "diff \"${PODS_PODFILE_DIR_PATH}/Podfile.lock\" \"${PODS_ROOT}/Manifest.lock\" > /dev/null\nif [ $? != 0 ] ; then\n    # print error to STDERR\n    echo \"error: The sandbox is not in sync with the Podfile.lock. Run 'pod install' or update your CocoaPods installation.\" >&2\n    exit 1\nfi\n# This output is used by Xcode 'outputs' to avoid re-running this script phase.\necho \"SUCCESS\" > \"${SCRIPT_OUTPUT_FILE_0}\"\n";
			showEnvVarsInLog = 0;
		};
/* End PBXShellScriptBuildPhase section */

/* Begin PBXSourcesBuildPhase section */
		659821C5210AB51700DC64C1 /* Sources */ = {
			isa = PBXSourcesBuildPhase;
			buildActionMask = 2147483647;
			files = (
				6552EC17226D8D6C008ADA77 /* LPPZListViewController.m in Sources */,
				659821D1210AB51700DC64C1 /* ViewController.m in Sources */,
				659822C8210ACB3600DC64C1 /* LPPZSendContentTextParser.m in Sources */,
				659821DC210AB51900DC64C1 /* main.m in Sources */,
				659822C5210ACAAD00DC64C1 /* LPPZLabelImage.m in Sources */,
				659822CB210ACBD400DC64C1 /* LPPZHelper.m in Sources */,
				659821CE210AB51700DC64C1 /* AppDelegate.m in Sources */,
			);
			runOnlyForDeploymentPostprocessing = 0;
		};
		659821DD210AB51900DC64C1 /* Sources */ = {
			isa = PBXSourcesBuildPhase;
			buildActionMask = 2147483647;
			files = (
				659821E6210AB51900DC64C1 /* YYTextView_DemonTests.m in Sources */,
			);
			runOnlyForDeploymentPostprocessing = 0;
		};
		659821E8210AB51900DC64C1 /* Sources */ = {
			isa = PBXSourcesBuildPhase;
			buildActionMask = 2147483647;
			files = (
				659821F1210AB51900DC64C1 /* YYTextView_DemonUITests.m in Sources */,
			);
			runOnlyForDeploymentPostprocessing = 0;
		};
/* End PBXSourcesBuildPhase section */

/* Begin PBXTargetDependency section */
		659821E3210AB51900DC64C1 /* PBXTargetDependency */ = {
			isa = PBXTargetDependency;
			target = 659821C8210AB51700DC64C1 /* YYTextView@Demon */;
			targetProxy = 659821E2210AB51900DC64C1 /* PBXContainerItemProxy */;
		};
		659821EE210AB51900DC64C1 /* PBXTargetDependency */ = {
			isa = PBXTargetDependency;
			target = 659821C8210AB51700DC64C1 /* YYTextView@Demon */;
			targetProxy = 659821ED210AB51900DC64C1 /* PBXContainerItemProxy */;
		};
/* End PBXTargetDependency section */

/* Begin PBXVariantGroup section */
		659821D7210AB51900DC64C1 /* LaunchScreen.storyboard */ = {
			isa = PBXVariantGroup;
			children = (
				659821D8210AB51900DC64C1 /* Base */,
			);
			name = LaunchScreen.storyboard;
			sourceTree = "<group>";
		};
/* End PBXVariantGroup section */

/* Begin XCBuildConfiguration section */
		659821F3210AB51900DC64C1 /* Debug */ = {
			isa = XCBuildConfiguration;
			buildSettings = {
				ALWAYS_SEARCH_USER_PATHS = NO;
				CLANG_ANALYZER_NONNULL = YES;
				CLANG_ANALYZER_NUMBER_OBJECT_CONVERSION = YES_AGGRESSIVE;
				CLANG_CXX_LANGUAGE_STANDARD = "gnu++14";
				CLANG_CXX_LIBRARY = "libc++";
				CLANG_ENABLE_MODULES = YES;
				CLANG_ENABLE_OBJC_ARC = YES;
				CLANG_ENABLE_OBJC_WEAK = YES;
				CLANG_WARN_BLOCK_CAPTURE_AUTORELEASING = YES;
				CLANG_WARN_BOOL_CONVERSION = YES;
				CLANG_WARN_COMMA = YES;
				CLANG_WARN_CONSTANT_CONVERSION = YES;
				CLANG_WARN_DEPRECATED_OBJC_IMPLEMENTATIONS = YES;
				CLANG_WARN_DIRECT_OBJC_ISA_USAGE = YES_ERROR;
				CLANG_WARN_DOCUMENTATION_COMMENTS = YES;
				CLANG_WARN_EMPTY_BODY = YES;
				CLANG_WARN_ENUM_CONVERSION = YES;
				CLANG_WARN_INFINITE_RECURSION = YES;
				CLANG_WARN_INT_CONVERSION = YES;
				CLANG_WARN_NON_LITERAL_NULL_CONVERSION = YES;
				CLANG_WARN_OBJC_IMPLICIT_RETAIN_SELF = YES;
				CLANG_WARN_OBJC_LITERAL_CONVERSION = YES;
				CLANG_WARN_OBJC_ROOT_CLASS = YES_ERROR;
				CLANG_WARN_RANGE_LOOP_ANALYSIS = YES;
				CLANG_WARN_STRICT_PROTOTYPES = YES;
				CLANG_WARN_SUSPICIOUS_MOVE = YES;
				CLANG_WARN_UNGUARDED_AVAILABILITY = YES_AGGRESSIVE;
				CLANG_WARN_UNREACHABLE_CODE = YES;
				CLANG_WARN__DUPLICATE_METHOD_MATCH = YES;
				CODE_SIGN_IDENTITY = "iPhone Developer";
				COPY_PHASE_STRIP = NO;
				DEBUG_INFORMATION_FORMAT = dwarf;
				ENABLE_STRICT_OBJC_MSGSEND = YES;
				ENABLE_TESTABILITY = YES;
				GCC_C_LANGUAGE_STANDARD = gnu11;
				GCC_DYNAMIC_NO_PIC = NO;
				GCC_NO_COMMON_BLOCKS = YES;
				GCC_OPTIMIZATION_LEVEL = 0;
				GCC_PREPROCESSOR_DEFINITIONS = (
					"DEBUG=1",
					"$(inherited)",
				);
				GCC_WARN_64_TO_32_BIT_CONVERSION = YES;
				GCC_WARN_ABOUT_RETURN_TYPE = YES_ERROR;
				GCC_WARN_UNDECLARED_SELECTOR = YES;
				GCC_WARN_UNINITIALIZED_AUTOS = YES_AGGRESSIVE;
				GCC_WARN_UNUSED_FUNCTION = YES;
				GCC_WARN_UNUSED_VARIABLE = YES;
				IPHONEOS_DEPLOYMENT_TARGET = 11.4;
				MTL_ENABLE_DEBUG_INFO = YES;
				ONLY_ACTIVE_ARCH = YES;
				SDKROOT = iphoneos;
			};
			name = Debug;
		};
		659821F4210AB51900DC64C1 /* Release */ = {
			isa = XCBuildConfiguration;
			buildSettings = {
				ALWAYS_SEARCH_USER_PATHS = NO;
				CLANG_ANALYZER_NONNULL = YES;
				CLANG_ANALYZER_NUMBER_OBJECT_CONVERSION = YES_AGGRESSIVE;
				CLANG_CXX_LANGUAGE_STANDARD = "gnu++14";
				CLANG_CXX_LIBRARY = "libc++";
				CLANG_ENABLE_MODULES = YES;
				CLANG_ENABLE_OBJC_ARC = YES;
				CLANG_ENABLE_OBJC_WEAK = YES;
				CLANG_WARN_BLOCK_CAPTURE_AUTORELEASING = YES;
				CLANG_WARN_BOOL_CONVERSION = YES;
				CLANG_WARN_COMMA = YES;
				CLANG_WARN_CONSTANT_CONVERSION = YES;
				CLANG_WARN_DEPRECATED_OBJC_IMPLEMENTATIONS = YES;
				CLANG_WARN_DIRECT_OBJC_ISA_USAGE = YES_ERROR;
				CLANG_WARN_DOCUMENTATION_COMMENTS = YES;
				CLANG_WARN_EMPTY_BODY = YES;
				CLANG_WARN_ENUM_CONVERSION = YES;
				CLANG_WARN_INFINITE_RECURSION = YES;
				CLANG_WARN_INT_CONVERSION = YES;
				CLANG_WARN_NON_LITERAL_NULL_CONVERSION = YES;
				CLANG_WARN_OBJC_IMPLICIT_RETAIN_SELF = YES;
				CLANG_WARN_OBJC_LITERAL_CONVERSION = YES;
				CLANG_WARN_OBJC_ROOT_CLASS = YES_ERROR;
				CLANG_WARN_RANGE_LOOP_ANALYSIS = YES;
				CLANG_WARN_STRICT_PROTOTYPES = YES;
				CLANG_WARN_SUSPICIOUS_MOVE = YES;
				CLANG_WARN_UNGUARDED_AVAILABILITY = YES_AGGRESSIVE;
				CLANG_WARN_UNREACHABLE_CODE = YES;
				CLANG_WARN__DUPLICATE_METHOD_MATCH = YES;
				CODE_SIGN_IDENTITY = "iPhone Developer";
				COPY_PHASE_STRIP = NO;
				DEBUG_INFORMATION_FORMAT = "dwarf-with-dsym";
				ENABLE_NS_ASSERTIONS = NO;
				ENABLE_STRICT_OBJC_MSGSEND = YES;
				GCC_C_LANGUAGE_STANDARD = gnu11;
				GCC_NO_COMMON_BLOCKS = YES;
				GCC_WARN_64_TO_32_BIT_CONVERSION = YES;
				GCC_WARN_ABOUT_RETURN_TYPE = YES_ERROR;
				GCC_WARN_UNDECLARED_SELECTOR = YES;
				GCC_WARN_UNINITIALIZED_AUTOS = YES_AGGRESSIVE;
				GCC_WARN_UNUSED_FUNCTION = YES;
				GCC_WARN_UNUSED_VARIABLE = YES;
				IPHONEOS_DEPLOYMENT_TARGET = 11.4;
				MTL_ENABLE_DEBUG_INFO = NO;
				SDKROOT = iphoneos;
				VALIDATE_PRODUCT = YES;
			};
			name = Release;
		};
		659821F6210AB51900DC64C1 /* Debug */ = {
			isa = XCBuildConfiguration;
			baseConfigurationReference = 5C84BEEDD6FDEFB0DCE95546 /* Pods-YYTextView@Demon.debug.xcconfig */;
			buildSettings = {
				ASSETCATALOG_COMPILER_APPICON_NAME = AppIcon;
				CODE_SIGN_STYLE = Automatic;
				INFOPLIST_FILE = "YYTextView@Demon/Info.plist";
				LD_RUNPATH_SEARCH_PATHS = (
					"$(inherited)",
					"@executable_path/Frameworks",
				);
				PRODUCT_BUNDLE_IDENTIFIER = "-2.YYTextView-Demon";
				PRODUCT_NAME = "$(TARGET_NAME)";
				TARGETED_DEVICE_FAMILY = 1;
			};
			name = Debug;
		};
		659821F7210AB51900DC64C1 /* Release */ = {
			isa = XCBuildConfiguration;
			baseConfigurationReference = D842471FD15F6A0604EA6EB9 /* Pods-YYTextView@Demon.release.xcconfig */;
			buildSettings = {
				ASSETCATALOG_COMPILER_APPICON_NAME = AppIcon;
				CODE_SIGN_STYLE = Automatic;
				INFOPLIST_FILE = "YYTextView@Demon/Info.plist";
				LD_RUNPATH_SEARCH_PATHS = (
					"$(inherited)",
					"@executable_path/Frameworks",
				);
				PRODUCT_BUNDLE_IDENTIFIER = "-2.YYTextView-Demon";
				PRODUCT_NAME = "$(TARGET_NAME)";
				TARGETED_DEVICE_FAMILY = 1;
			};
			name = Release;
		};
		659821F9210AB51900DC64C1 /* Debug */ = {
			isa = XCBuildConfiguration;
			buildSettings = {
				BUNDLE_LOADER = "$(TEST_HOST)";
				CODE_SIGN_STYLE = Automatic;
				INFOPLIST_FILE = "YYTextView@DemonTests/Info.plist";
				LD_RUNPATH_SEARCH_PATHS = (
					"$(inherited)",
					"@executable_path/Frameworks",
					"@loader_path/Frameworks",
				);
				PRODUCT_BUNDLE_IDENTIFIER = "-2.YYTextView-DemonTests";
				PRODUCT_NAME = "$(TARGET_NAME)";
				TARGETED_DEVICE_FAMILY = "1,2";
				TEST_HOST = "$(BUILT_PRODUCTS_DIR)/YYTextView@Demon.app/YYTextView@Demon";
			};
			name = Debug;
		};
		659821FA210AB51900DC64C1 /* Release */ = {
			isa = XCBuildConfiguration;
			buildSettings = {
				BUNDLE_LOADER = "$(TEST_HOST)";
				CODE_SIGN_STYLE = Automatic;
				INFOPLIST_FILE = "YYTextView@DemonTests/Info.plist";
				LD_RUNPATH_SEARCH_PATHS = (
					"$(inherited)",
					"@executable_path/Frameworks",
					"@loader_path/Frameworks",
				);
				PRODUCT_BUNDLE_IDENTIFIER = "-2.YYTextView-DemonTests";
				PRODUCT_NAME = "$(TARGET_NAME)";
				TARGETED_DEVICE_FAMILY = "1,2";
				TEST_HOST = "$(BUILT_PRODUCTS_DIR)/YYTextView@Demon.app/YYTextView@Demon";
			};
			name = Release;
		};
		659821FC210AB51900DC64C1 /* Debug */ = {
			isa = XCBuildConfiguration;
			buildSettings = {
				CODE_SIGN_STYLE = Automatic;
				INFOPLIST_FILE = "YYTextView@DemonUITests/Info.plist";
				LD_RUNPATH_SEARCH_PATHS = (
					"$(inherited)",
					"@executable_path/Frameworks",
					"@loader_path/Frameworks",
				);
				PRODUCT_BUNDLE_IDENTIFIER = "-2.YYTextView-DemonUITests";
				PRODUCT_NAME = "$(TARGET_NAME)";
				TARGETED_DEVICE_FAMILY = "1,2";
				TEST_TARGET_NAME = "YYTextView@Demon";
			};
			name = Debug;
		};
		659821FD210AB51900DC64C1 /* Release */ = {
			isa = XCBuildConfiguration;
			buildSettings = {
				CODE_SIGN_STYLE = Automatic;
				INFOPLIST_FILE = "YYTextView@DemonUITests/Info.plist";
				LD_RUNPATH_SEARCH_PATHS = (
					"$(inherited)",
					"@executable_path/Frameworks",
					"@loader_path/Frameworks",
				);
				PRODUCT_BUNDLE_IDENTIFIER = "-2.YYTextView-DemonUITests";
				PRODUCT_NAME = "$(TARGET_NAME)";
				TARGETED_DEVICE_FAMILY = "1,2";
				TEST_TARGET_NAME = "YYTextView@Demon";
			};
			name = Release;
		};
/* End XCBuildConfiguration section */

/* Begin XCConfigurationList section */
		659821C4210AB51700DC64C1 /* Build configuration list for PBXProject "YYTextView@Demon" */ = {
			isa = XCConfigurationList;
			buildConfigurations = (
				659821F3210AB51900DC64C1 /* Debug */,
				659821F4210AB51900DC64C1 /* Release */,
			);
			defaultConfigurationIsVisible = 0;
			defaultConfigurationName = Release;
		};
		659821F5210AB51900DC64C1 /* Build configuration list for PBXNativeTarget "YYTextView@Demon" */ = {
			isa = XCConfigurationList;
			buildConfigurations = (
				659821F6210AB51900DC64C1 /* Debug */,
				659821F7210AB51900DC64C1 /* Release */,
			);
			defaultConfigurationIsVisible = 0;
			defaultConfigurationName = Release;
		};
		659821F8210AB51900DC64C1 /* Build configuration list for PBXNativeTarget "YYTextView@DemonTests" */ = {
			isa = XCConfigurationList;
			buildConfigurations = (
				659821F9210AB51900DC64C1 /* Debug */,
				659821FA210AB51900DC64C1 /* Release */,
			);
			defaultConfigurationIsVisible = 0;
			defaultConfigurationName = Release;
		};
		659821FB210AB51900DC64C1 /* Build configuration list for PBXNativeTarget "YYTextView@DemonUITests" */ = {
			isa = XCConfigurationList;
			buildConfigurations = (
				659821FC210AB51900DC64C1 /* Debug */,
				659821FD210AB51900DC64C1 /* Release */,
			);
			defaultConfigurationIsVisible = 0;
			defaultConfigurationName = Release;
		};
/* End XCConfigurationList section */
	};
	rootObject = 659821C1210AB51700DC64C1 /* Project object */;
}
